# This file is automatically @generated by Poetry 1.8.3 and should not be changed by hand.

[[package]]
name = "asgiref"
version = "3.8.1"
description = "ASGI specs, helper code, and adapters"
optional = false
python-versions = ">=3.8"
files = [
    {file = "asgiref-3.8.1-py3-none-any.whl", hash = "sha256:3e1e3ecc849832fe52ccf2cb6686b7a55f82bb1d6aee72a58826471390335e47"},
    {file = "asgiref-3.8.1.tar.gz", hash = "sha256:c343bd80a0bec947a9860adb4c432ffa7db769836c64238fc34bdc3fec84d590"},
]

[package.extras]
tests = ["mypy (>=0.800)", "pytest", "pytest-asyncio"]

[[package]]
name = "django"
version = "5.0.6"
description = "A high-level Python web framework that encourages rapid development and clean, pragmatic design."
optional = false
python-versions = ">=3.10"
files = [
    {file = "Django-5.0.6-py3-none-any.whl", hash = "sha256:8363ac062bb4ef7c3f12d078f6fa5d154031d129a15170a1066412af49d30905"},
    {file = "Django-5.0.6.tar.gz", hash = "sha256:ff1b61005004e476e0aeea47c7f79b85864c70124030e95146315396f1e7951f"},
]

[package.dependencies]
asgiref = ">=3.7.0,<4"
sqlparse = ">=0.3.1"
tzdata = {version = "*", markers = "sys_platform == \"win32\""}

[package.extras]
argon2 = ["argon2-cffi (>=19.1.0)"]
bcrypt = ["bcrypt"]

[[package]]
name = "psycopg"
version = "3.1.19"
description = "PostgreSQL database adapter for Python"
optional = false
python-versions = ">=3.7"
files = [
    {file = "psycopg-3.1.19-py3-none-any.whl", hash = "sha256:dca5e5521c859f6606686432ae1c94e8766d29cc91f2ee595378c510cc5b0731"},
    {file = "psycopg-3.1.19.tar.gz", hash = "sha256:92d7b78ad82426cdcf1a0440678209faa890c6e1721361c2f8901f0dccd62961"},
]

[package.dependencies]
psycopg-binary = {version = "3.1.19", optional = true, markers = "implementation_name != \"pypy\" and extra == \"binary\""}
typing-extensions = ">=4.1"
tzdata = {version = "*", markers = "sys_platform == \"win32\""}

[package.extras]
binary = ["psycopg-binary (==3.1.19)"]
c = ["psycopg-c (==3.1.19)"]
dev = ["black (>=24.1.0)", "codespell (>=2.2)", "dnspython (>=2.1)", "flake8 (>=4.0)", "mypy (>=1.4.1)", "types-setuptools (>=57.4)", "wheel (>=0.37)"]
docs = ["Sphinx (>=5.0)", "furo (==2022.6.21)", "sphinx-autobuild (>=2021.3.14)", "sphinx-autodoc-typehints (>=1.12)"]
pool = ["psycopg-pool"]
test = ["anyio (>=3.6.2,<4.0)", "mypy (>=1.4.1)", "pproxy (>=2.7)", "pytest (>=6.2.5)", "pytest-cov (>=3.0)", "pytest-randomly (>=3.5)"]

[[package]]
name = "psycopg-binary"
version = "3.1.19"
description = "PostgreSQL database adapter for Python -- C optimisation distribution"
optional = false
python-versions = ">=3.7"
files = [
    {file = "psycopg_binary-3.1.19-cp310-cp310-macosx_10_9_x86_64.whl", hash = "sha256:7204818f05151dd08f8f851defb01972ec9d2cc925608eb0de232563f203f354"},
    {file = "psycopg_binary-3.1.19-cp310-cp310-macosx_11_0_arm64.whl", hash = "sha256:6d4e67fd86758dbeac85641419a54f84d74495a8683b58ad5dfad08b7fc37a8f"},
    {file = "psycopg_binary-3.1.19-cp310-cp310-manylinux_2_17_aarch64.manylinux2014_aarch64.whl", hash = "sha256:e12173e34b176e93ad2da913de30f774d5119c2d4d4640c6858d2d77dfa6c9bf"},
    {file = "psycopg_binary-3.1.19-cp310-cp310-manylinux_2_17_i686.manylinux2014_i686.whl", hash = "sha256:052f5193304066318853b4b2e248f523c8f52b371fc4e95d4ef63baee3f30955"},
    {file = "psycopg_binary-3.1.19-cp310-cp310-manylinux_2_17_ppc64le.manylinux2014_ppc64le.whl", hash = "sha256:29008f3f8977f600b8a7fb07c2e041b01645b08121760609cc45e861a0364dc9"},
    {file = "psycopg_binary-3.1.19-cp310-cp310-manylinux_2_17_x86_64.manylinux2014_x86_64.whl", hash = "sha256:7c6a9a651a08d876303ed059c9553df18b3c13c3406584a70a8f37f1a1fe2709"},
    {file = "psycopg_binary-3.1.19-cp310-cp310-musllinux_1_1_aarch64.whl", hash = "sha256:91a645e6468c4f064b7f4f3b81074bdd68fe5aa2b8c5107de15dcd85ba6141be"},
    {file = "psycopg_binary-3.1.19-cp310-cp310-musllinux_1_1_i686.whl", hash = "sha256:5c6956808fd5cf0576de5a602243af8e04594b25b9a28675feddc71c5526410a"},
    {file = "psycopg_binary-3.1.19-cp310-cp310-musllinux_1_1_ppc64le.whl", hash = "sha256:1622ca27d5a7a98f7d8f35e8b146dc7efda4a4b6241d2edf7e076bd6bcecbeb4"},
    {file = "psycopg_binary-3.1.19-cp310-cp310-musllinux_1_1_x86_64.whl", hash = "sha256:a100482950a55228f648bd382bb71bfaff520002f29845274fccbbf02e28bd52"},
    {file = "psycopg_binary-3.1.19-cp310-cp310-win_amd64.whl", hash = "sha256:955ca8905c0251fc4af7ce0a20999e824a25652f53a558ab548b60969f1f368e"},
    {file = "psycopg_binary-3.1.19-cp311-cp311-macosx_10_9_x86_64.whl", hash = "sha256:1cf49e91dcf699b8a449944ed898ef1466b39b92720613838791a551bc8f587a"},
    {file = "psycopg_binary-3.1.19-cp311-cp311-macosx_11_0_arm64.whl", hash = "sha256:964c307e400c5f33fa762ba1e19853e048814fcfbd9679cc923431adb7a2ead2"},
    {file = "psycopg_binary-3.1.19-cp311-cp311-manylinux_2_17_aarch64.manylinux2014_aarch64.whl", hash = "sha256:3433924e1b14074798331dc2bfae2af452ed7888067f2fc145835704d8981b15"},
    {file = "psycopg_binary-3.1.19-cp311-cp311-manylinux_2_17_i686.manylinux2014_i686.whl", hash = "sha256:00879d4c6be4b3afc510073f48a5e960f797200e261ab3d9bd9b7746a08c669d"},
    {file = "psycopg_binary-3.1.19-cp311-cp311-manylinux_2_17_ppc64le.manylinux2014_ppc64le.whl", hash = "sha256:34a6997c80f86d3dd80a4f078bb3b200079c47eeda4fd409d8899b883c90d2ac"},
    {file = "psycopg_binary-3.1.19-cp311-cp311-manylinux_2_17_x86_64.manylinux2014_x86_64.whl", hash = "sha256:0106e42b481677c41caa69474fe530f786dcef88b11b70000f0e45a03534bc8f"},
    {file = "psycopg_binary-3.1.19-cp311-cp311-musllinux_1_1_aarch64.whl", hash = "sha256:81efe09ba27533e35709905c3061db4dc9fb814f637360578d065e2061fbb116"},
    {file = "psycopg_binary-3.1.19-cp311-cp311-musllinux_1_1_i686.whl", hash = "sha256:d312d6dddc18d9c164e1893706269c293cba1923118349d375962b1188dafb01"},
    {file = "psycopg_binary-3.1.19-cp311-cp311-musllinux_1_1_ppc64le.whl", hash = "sha256:bfd2c734da9950f7afaad5f132088e0e1478f32f042881fca6651bb0c8d14206"},
    {file = "psycopg_binary-3.1.19-cp311-cp311-musllinux_1_1_x86_64.whl", hash = "sha256:8a732610a5a6b4f06dadcf9288688a8ff202fd556d971436a123b7adb85596e2"},
    {file = "psycopg_binary-3.1.19-cp311-cp311-win_amd64.whl", hash = "sha256:321814a9a3ad785855a821b842aba08ca1b7de7dfb2979a2f0492dca9ec4ae70"},
    {file = "psycopg_binary-3.1.19-cp312-cp312-macosx_10_9_x86_64.whl", hash = "sha256:4aa0ca13bb8a725bb6d12c13999217fd5bc8b86a12589f28a74b93e076fbb959"},
    {file = "psycopg_binary-3.1.19-cp312-cp312-macosx_11_0_arm64.whl", hash = "sha256:469424e354ebcec949aa6aa30e5a9edc352a899d9a68ad7a48f97df83cc914cf"},
    {file = "psycopg_binary-3.1.19-cp312-cp312-manylinux_2_17_aarch64.manylinux2014_aarch64.whl", hash = "sha256:b04f5349313529ae1f1c42fe1aa0443faaf50fdf12d13866c2cc49683bfa53d0"},
    {file = "psycopg_binary-3.1.19-cp312-cp312-manylinux_2_17_i686.manylinux2014_i686.whl", hash = "sha256:959feabddc7fffac89b054d6f23f3b3c62d7d3c90cd414a02e3747495597f150"},
    {file = "psycopg_binary-3.1.19-cp312-cp312-manylinux_2_17_ppc64le.manylinux2014_ppc64le.whl", hash = "sha256:e9da624a6ca4bc5f7fa1f03f8485446b5b81d5787b6beea2b4f8d9dbef878ad7"},
    {file = "psycopg_binary-3.1.19-cp312-cp312-manylinux_2_17_x86_64.manylinux2014_x86_64.whl", hash = "sha256:c1823221a6b96e38b15686170d4fc5b36073efcb87cce7d3da660440b50077f6"},
    {file = "psycopg_binary-3.1.19-cp312-cp312-musllinux_1_1_aarch64.whl", hash = "sha256:866db42f986298f0cf15d805225eb8df2228bf19f7997d7f1cb5f388cbfc6a0f"},
    {file = "psycopg_binary-3.1.19-cp312-cp312-musllinux_1_1_i686.whl", hash = "sha256:738c34657305b5973af6dbb6711b07b179dfdd21196d60039ca30a74bafe9648"},
    {file = "psycopg_binary-3.1.19-cp312-cp312-musllinux_1_1_ppc64le.whl", hash = "sha256:fb9758473200384a04374d0e0cac6f451218ff6945a024f65a1526802c34e56e"},
    {file = "psycopg_binary-3.1.19-cp312-cp312-musllinux_1_1_x86_64.whl", hash = "sha256:0e991632777e217953ac960726158987da684086dd813ac85038c595e7382c91"},
    {file = "psycopg_binary-3.1.19-cp312-cp312-win_amd64.whl", hash = "sha256:1d87484dd42c8783c44a30400949efb3d81ef2487eaa7d64d1c54df90cf8b97a"},
    {file = "psycopg_binary-3.1.19-cp37-cp37m-macosx_10_9_x86_64.whl", hash = "sha256:d1d1723d7449c12bb61aca7eb6e0c6ab2863cd8dc0019273cc4d4a1982f84bdb"},
    {file = "psycopg_binary-3.1.19-cp37-cp37m-manylinux_2_17_aarch64.manylinux2014_aarch64.whl", hash = "sha256:e538a8671005641fa195eab962f85cf0504defbd3b548c4c8fc27102a59f687b"},
    {file = "psycopg_binary-3.1.19-cp37-cp37m-manylinux_2_17_i686.manylinux2014_i686.whl", hash = "sha256:c50592bc8517092f40979e4a5d934f96a1737a77724bb1d121eb78b614b30fc8"},
    {file = "psycopg_binary-3.1.19-cp37-cp37m-manylinux_2_17_ppc64le.manylinux2014_ppc64le.whl", hash = "sha256:95f16ae82bc242b76cd3c3e5156441e2bd85ff9ec3a9869d750aad443e46073c"},
    {file = "psycopg_binary-3.1.19-cp37-cp37m-manylinux_2_17_x86_64.manylinux2014_x86_64.whl", hash = "sha256:aebd1e98e865e9a28ce0cb2c25b7dfd752f0d1f0a423165b55cd32a431dcc0f4"},
    {file = "psycopg_binary-3.1.19-cp37-cp37m-musllinux_1_1_aarch64.whl", hash = "sha256:49cd7af7d49e438a39593d1dd8cab106a1912536c2b78a4d814ebdff2786094e"},
    {file = "psycopg_binary-3.1.19-cp37-cp37m-musllinux_1_1_i686.whl", hash = "sha256:affebd61aa3b7a8880fd4ac3ee94722940125ff83ff485e1a7c76be9adaabb38"},
    {file = "psycopg_binary-3.1.19-cp37-cp37m-musllinux_1_1_ppc64le.whl", hash = "sha256:d1bac282f140fa092f2bbb6c36ed82270b4a21a6fc55d4b16748ed9f55e50fdb"},
    {file = "psycopg_binary-3.1.19-cp37-cp37m-musllinux_1_1_x86_64.whl", hash = "sha256:1285aa54449e362b1d30d92b2dc042ad3ee80f479cc4e323448d0a0a8a1641fa"},
    {file = "psycopg_binary-3.1.19-cp37-cp37m-win_amd64.whl", hash = "sha256:6cff31af8155dc9ee364098a328bab688c887c732c66b8d027e5b03818ca0287"},
    {file = "psycopg_binary-3.1.19-cp38-cp38-macosx_10_9_x86_64.whl", hash = "sha256:d9b689c4a17dd3130791dcbb8c30dbf05602f7c2d56c792e193fb49adc7bf5f8"},
    {file = "psycopg_binary-3.1.19-cp38-cp38-manylinux_2_17_aarch64.manylinux2014_aarch64.whl", hash = "sha256:017518bd2de4851adc826a224fb105411e148ad845e11355edd6786ba3dfedf5"},
    {file = "psycopg_binary-3.1.19-cp38-cp38-manylinux_2_17_i686.manylinux2014_i686.whl", hash = "sha256:c35fd811f339a3cbe7f9b54b2d9a5e592e57426c6cc1051632a62c59c4810208"},
    {file = "psycopg_binary-3.1.19-cp38-cp38-manylinux_2_17_ppc64le.manylinux2014_ppc64le.whl", hash = "sha256:38ed45ec9673709bfa5bc17f140e71dd4cca56d4e58ef7fd50d5a5043a4f55c6"},
    {file = "psycopg_binary-3.1.19-cp38-cp38-manylinux_2_17_x86_64.manylinux2014_x86_64.whl", hash = "sha256:433f1c256108f9e26f480a8cd6ddb0fb37dbc87d7f5a97e4540a9da9b881f23f"},
    {file = "psycopg_binary-3.1.19-cp38-cp38-musllinux_1_1_aarch64.whl", hash = "sha256:ed61e43bf5dc8d0936daf03a19fef3168d64191dbe66483f7ad08c4cea0bc36b"},
    {file = "psycopg_binary-3.1.19-cp38-cp38-musllinux_1_1_i686.whl", hash = "sha256:4ae8109ff9fdf1fa0cb87ab6645298693fdd2666a7f5f85660df88f6965e0bb7"},
    {file = "psycopg_binary-3.1.19-cp38-cp38-musllinux_1_1_ppc64le.whl", hash = "sha256:a53809ee02e3952fae7977c19b30fd828bd117b8f5edf17a3a94212feb57faaf"},
    {file = "psycopg_binary-3.1.19-cp38-cp38-musllinux_1_1_x86_64.whl", hash = "sha256:9d39d5ffc151fb33bcd55b99b0e8957299c0b1b3e5a1a5f4399c1287ef0051a9"},
    {file = "psycopg_binary-3.1.19-cp38-cp38-win_amd64.whl", hash = "sha256:e14bc8250000921fcccd53722f86b3b3d1b57db901e206e49e2ab2afc5919c2d"},
    {file = "psycopg_binary-3.1.19-cp39-cp39-macosx_10_9_x86_64.whl", hash = "sha256:cd88c5cea4efe614d5004fb5f5dcdea3d7d59422be796689e779e03363102d24"},
    {file = "psycopg_binary-3.1.19-cp39-cp39-manylinux_2_17_aarch64.manylinux2014_aarch64.whl", hash = "sha256:621a814e60825162d38760c66351b4df679fd422c848b7c2f86ad399bff27145"},
    {file = "psycopg_binary-3.1.19-cp39-cp39-manylinux_2_17_i686.manylinux2014_i686.whl", hash = "sha256:46e50c05952b59a214e27d3606f6d510aaa429daed898e16b8a37bfbacc81acc"},
    {file = "psycopg_binary-3.1.19-cp39-cp39-manylinux_2_17_ppc64le.manylinux2014_ppc64le.whl", hash = "sha256:03354a9db667c27946e70162cb0042c3929154167f3678a30d23cebfe0ad55b5"},
    {file = "psycopg_binary-3.1.19-cp39-cp39-manylinux_2_17_x86_64.manylinux2014_x86_64.whl", hash = "sha256:703c2f3b79037581afec7baa2bdbcb0a1787f1758744a7662099b0eca2d721cb"},
    {file = "psycopg_binary-3.1.19-cp39-cp39-musllinux_1_1_aarch64.whl", hash = "sha256:6469ebd9e93327e9f5f36dcf8692fb1e7aeaf70087c1c15d4f2c020e0be3a891"},
    {file = "psycopg_binary-3.1.19-cp39-cp39-musllinux_1_1_i686.whl", hash = "sha256:85bca9765c04b6be90cb46e7566ffe0faa2d7480ff5c8d5e055ac427f039fd24"},
    {file = "psycopg_binary-3.1.19-cp39-cp39-musllinux_1_1_ppc64le.whl", hash = "sha256:a836610d5c75e9cff98b9fdb3559c007c785c09eaa84a60d5d10ef6f85f671e8"},
    {file = "psycopg_binary-3.1.19-cp39-cp39-musllinux_1_1_x86_64.whl", hash = "sha256:ef8de7a1d9fb3518cc6b58e3c80b75a824209ad52b90c542686c912db8553dad"},
    {file = "psycopg_binary-3.1.19-cp39-cp39-win_amd64.whl", hash = "sha256:76fcd33342f38e35cd6b5408f1bc117d55ab8b16e5019d99b6d3ce0356c51717"},
]

[[package]]
name = "sqlparse"
version = "0.5.0"
description = "A non-validating SQL parser."
optional = false
python-versions = ">=3.8"
files = [
    {file = "sqlparse-0.5.0-py3-none-any.whl", hash = "sha256:c204494cd97479d0e39f28c93d46c0b2d5959c7b9ab904762ea6c7af211c8663"},
    {file = "sqlparse-0.5.0.tar.gz", hash = "sha256:714d0a4932c059d16189f58ef5411ec2287a4360f17cdd0edd2d09d4c5087c93"},
]

[package.extras]
dev = ["build", "hatch"]
doc = ["sphinx"]

[[package]]
name = "typing-extensions"
version = "4.12.1"
description = "Backported and Experimental Type Hints for Python 3.8+"
optional = false
python-versions = ">=3.8"
files = [
    {file = "typing_extensions-4.12.1-py3-none-any.whl", hash = "sha256:6024b58b69089e5a89c347397254e35f1bf02a907728ec7fee9bf0fe837d203a"},
    {file = "typing_extensions-4.12.1.tar.gz", hash = "sha256:915f5e35ff76f56588223f15fdd5938f9a1cf9195c0de25130c627e4d597f6d1"},
]

[[package]]
name = "tzdata"
version = "2024.1"
description = "Provider of IANA time zone data"
optional = false
python-versions = ">=2"
files = [
    {file = "tzdata-2024.1-py2.py3-none-any.whl", hash = "sha256:9068bc196136463f5245e51efda838afa15aaeca9903f49050dfa2679db4d252"},
    {file = "tzdata-2024.1.tar.gz", hash = "sha256:2674120f8d891909751c38abcdfd386ac0a5a1127954fbc332af6b5ceae07efd"},
]

[metadata]
lock-version = "2.0"
python-versions = "^3.12"
content-hash = "18728ca59a3fe0aa79e1ddc0cfd9a9430a0fb8d4e2af6214001f3fe09cc9250f"
