{
  "name": "perf",
  "lockfileVersion": 3,
  "requires": true,
  "packages": {
    "": {
      "devDependencies": {
        "@types/k6": "^1.0.0"
      }
    },
    "node_modules/@types/k6": {
      "version": "1.1.1",
      "resolved": "https://registry.npmjs.org/@types/k6/-/k6-1.1.1.tgz",
      "integrity": "sha512-ioNtKGb59VEBfmM8iJIRp1OpE4y8sfEBHBy55VXYzoicIQAWWVae+RYDstCoVAIqyFA1bfaLwAWKKEUxp0SwnA==",
      "dev": true,
      "license": "MIT"
    }
  }
}
